// !$*UTF8*$!
{
	archiveVersion = 1;
	classes = {
	};
	objectVersion = 51;
	objects = {

/* Begin PBXBuildFile section */
		2C53B7EE25FBB4E90035C304 /* PostCell.swift in Sources */ = {isa = PBXBuildFile; fileRef = 2C53B7ED25FBB4E90035C304 /* PostCell.swift */; };
		2C58D61725FAFC15003C4DCB /* AppDelegate.swift in Sources */ = {isa = PBXBuildFile; fileRef = 2C58D61625FAFC15003C4DCB /* AppDelegate.swift */; };
		2C58D61925FAFC15003C4DCB /* SceneDelegate.swift in Sources */ = {isa = PBXBuildFile; fileRef = 2C58D61825FAFC15003C4DCB /* SceneDelegate.swift */; };
		2C58D61E25FAFC15003C4DCB /* Main.storyboard in Resources */ = {isa = PBXBuildFile; fileRef = 2C58D61C25FAFC15003C4DCB /* Main.storyboard */; };
		2C58D62025FAFC17003C4DCB /* Assets.xcassets in Resources */ = {isa = PBXBuildFile; fileRef = 2C58D61F25FAFC17003C4DCB /* Assets.xcassets */; };
		2C58D62325FAFC17003C4DCB /* LaunchScreen.storyboard in Resources */ = {isa = PBXBuildFile; fileRef = 2C58D62125FAFC17003C4DCB /* LaunchScreen.storyboard */; };
		2C58D62E25FAFC17003C4DCB /* Instagram_CloneTests.swift in Sources */ = {isa = PBXBuildFile; fileRef = 2C58D62D25FAFC17003C4DCB /* Instagram_CloneTests.swift */; };
		2C58D63925FAFC17003C4DCB /* Instagram_CloneUITests.swift in Sources */ = {isa = PBXBuildFile; fileRef = 2C58D63825FAFC17003C4DCB /* Instagram_CloneUITests.swift */; };
		2CD35BD225FB0B28001F56CA /* LoginViewController.swift in Sources */ = {isa = PBXBuildFile; fileRef = 2CD35BD125FB0B28001F56CA /* LoginViewController.swift */; };
		2CD35BD725FB0B33001F56CA /* FeedViewController.swift in Sources */ = {isa = PBXBuildFile; fileRef = 2CD35BD625FB0B33001F56CA /* FeedViewController.swift */; };
		2CD35BDC25FB11D7001F56CA /* CameraViewController.swift in Sources */ = {isa = PBXBuildFile; fileRef = 2CD35BDB25FB11D7001F56CA /* CameraViewController.swift */; };
		3F9381BB0F3DE7433E39F638 /* Pods_Instagram_Clone_Instagram_CloneUITests.framework in Frameworks */ = {isa = PBXBuildFile; fileRef = 0C4CA3E3DC9CD63F238FBCB6 /* Pods_Instagram_Clone_Instagram_CloneUITests.framework */; };
		710E490BF56D1BD790A5AB2C /* Pods_Instagram_CloneTests.framework in Frameworks */ = {isa = PBXBuildFile; fileRef = E124DAABA48D421A9EB4B4C1 /* Pods_Instagram_CloneTests.framework */; };
		7B962ACB6F7E447ADB435100 /* Pods_Instagram_Clone.framework in Frameworks */ = {isa = PBXBuildFile; fileRef = 99777C89E9636F73AE51707C /* Pods_Instagram_Clone.framework */; };
/* End PBXBuildFile section */

/* Begin PBXContainerItemProxy section */
		2C58D62A25FAFC17003C4DCB /* PBXContainerItemProxy */ = {
			isa = PBXContainerItemProxy;
			containerPortal = 2C58D60B25FAFC15003C4DCB /* Project object */;
			proxyType = 1;
			remoteGlobalIDString = 2C58D61225FAFC15003C4DCB;
			remoteInfo = "Instagram Clone";
		};
		2C58D63525FAFC17003C4DCB /* PBXContainerItemProxy */ = {
			isa = PBXContainerItemProxy;
			containerPortal = 2C58D60B25FAFC15003C4DCB /* Project object */;
			proxyType = 1;
			remoteGlobalIDString = 2C58D61225FAFC15003C4DCB;
			remoteInfo = "Instagram Clone";
		};
/* End PBXContainerItemProxy section */

/* Begin PBXFileReference section */
		0C4CA3E3DC9CD63F238FBCB6 /* Pods_Instagram_Clone_Instagram_CloneUITests.framework */ = {isa = PBXFileReference; explicitFileType = wrapper.framework; includeInIndex = 0; path = Pods_Instagram_Clone_Instagram_CloneUITests.framework; sourceTree = BUILT_PRODUCTS_DIR; };
		1F4AAB4A58CD06272D5A5978 /* Pods-Instagram Clone-Instagram CloneUITests.debug.xcconfig */ = {isa = PBXFileReference; includeInIndex = 1; lastKnownFileType = text.xcconfig; name = "Pods-Instagram Clone-Instagram CloneUITests.debug.xcconfig"; path = "Target Support Files/Pods-Instagram Clone-Instagram CloneUITests/Pods-Instagram Clone-Instagram CloneUITests.debug.xcconfig"; sourceTree = "<group>"; };
		2C53B7ED25FBB4E90035C304 /* PostCell.swift */ = {isa = PBXFileReference; lastKnownFileType = sourcecode.swift; path = PostCell.swift; sourceTree = "<group>"; };
		2C58D61325FAFC15003C4DCB /* Instagram Clone.app */ = {isa = PBXFileReference; explicitFileType = wrapper.application; includeInIndex = 0; path = "Instagram Clone.app"; sourceTree = BUILT_PRODUCTS_DIR; };
		2C58D61625FAFC15003C4DCB /* AppDelegate.swift */ = {isa = PBXFileReference; lastKnownFileType = sourcecode.swift; path = AppDelegate.swift; sourceTree = "<group>"; };
		2C58D61825FAFC15003C4DCB /* SceneDelegate.swift */ = {isa = PBXFileReference; lastKnownFileType = sourcecode.swift; path = SceneDelegate.swift; sourceTree = "<group>"; };
		2C58D61D25FAFC15003C4DCB /* Base */ = {isa = PBXFileReference; lastKnownFileType = file.storyboard; name = Base; path = Base.lproj/Main.storyboard; sourceTree = "<group>"; };
		2C58D61F25FAFC17003C4DCB /* Assets.xcassets */ = {isa = PBXFileReference; lastKnownFileType = folder.assetcatalog; path = Assets.xcassets; sourceTree = "<group>"; };
		2C58D62225FAFC17003C4DCB /* Base */ = {isa = PBXFileReference; lastKnownFileType = file.storyboard; name = Base; path = Base.lproj/LaunchScreen.storyboard; sourceTree = "<group>"; };
		2C58D62425FAFC17003C4DCB /* Info.plist */ = {isa = PBXFileReference; lastKnownFileType = text.plist.xml; path = Info.plist; sourceTree = "<group>"; };
		2C58D62925FAFC17003C4DCB /* Instagram CloneTests.xctest */ = {isa = PBXFileReference; explicitFileType = wrapper.cfbundle; includeInIndex = 0; path = "Instagram CloneTests.xctest"; sourceTree = BUILT_PRODUCTS_DIR; };
		2C58D62D25FAFC17003C4DCB /* Instagram_CloneTests.swift */ = {isa = PBXFileReference; lastKnownFileType = sourcecode.swift; path = Instagram_CloneTests.swift; sourceTree = "<group>"; };
		2C58D62F25FAFC17003C4DCB /* Info.plist */ = {isa = PBXFileReference; lastKnownFileType = text.plist.xml; path = Info.plist; sourceTree = "<group>"; };
		2C58D63425FAFC17003C4DCB /* Instagram CloneUITests.xctest */ = {isa = PBXFileReference; explicitFileType = wrapper.cfbundle; includeInIndex = 0; path = "Instagram CloneUITests.xctest"; sourceTree = BUILT_PRODUCTS_DIR; };
		2C58D63825FAFC17003C4DCB /* Instagram_CloneUITests.swift */ = {isa = PBXFileReference; lastKnownFileType = sourcecode.swift; path = Instagram_CloneUITests.swift; sourceTree = "<group>"; };
		2C58D63A25FAFC17003C4DCB /* Info.plist */ = {isa = PBXFileReference; lastKnownFileType = text.plist.xml; path = Info.plist; sourceTree = "<group>"; };
		2CD35BD125FB0B28001F56CA /* LoginViewController.swift */ = {isa = PBXFileReference; lastKnownFileType = sourcecode.swift; path = LoginViewController.swift; sourceTree = "<group>"; };
		2CD35BD625FB0B33001F56CA /* FeedViewController.swift */ = {isa = PBXFileReference; lastKnownFileType = sourcecode.swift; path = FeedViewController.swift; sourceTree = "<group>"; };
		2CD35BDB25FB11D7001F56CA /* CameraViewController.swift */ = {isa = PBXFileReference; lastKnownFileType = sourcecode.swift; path = CameraViewController.swift; sourceTree = "<group>"; };
		99777C89E9636F73AE51707C /* Pods_Instagram_Clone.framework */ = {isa = PBXFileReference; explicitFileType = wrapper.framework; includeInIndex = 0; path = Pods_Instagram_Clone.framework; sourceTree = BUILT_PRODUCTS_DIR; };
		9EBF2039302C24B7AA9B9580 /* Pods-Instagram CloneTests.release.xcconfig */ = {isa = PBXFileReference; includeInIndex = 1; lastKnownFileType = text.xcconfig; name = "Pods-Instagram CloneTests.release.xcconfig"; path = "Target Support Files/Pods-Instagram CloneTests/Pods-Instagram CloneTests.release.xcconfig"; sourceTree = "<group>"; };
		AF7BCB8DF9DEFDF374F07F79 /* Pods-Instagram Clone-Instagram CloneUITests.release.xcconfig */ = {isa = PBXFileReference; includeInIndex = 1; lastKnownFileType = text.xcconfig; name = "Pods-Instagram Clone-Instagram CloneUITests.release.xcconfig"; path = "Target Support Files/Pods-Instagram Clone-Instagram CloneUITests/Pods-Instagram Clone-Instagram CloneUITests.release.xcconfig"; sourceTree = "<group>"; };
		DE058290ABE29A11B80627B9 /* Pods-Instagram Clone.release.xcconfig */ = {isa = PBXFileReference; includeInIndex = 1; lastKnownFileType = text.xcconfig; name = "Pods-Instagram Clone.release.xcconfig"; path = "Target Support Files/Pods-Instagram Clone/Pods-Instagram Clone.release.xcconfig"; sourceTree = "<group>"; };
		DF91108B4CBE707960B399E8 /* Pods-Instagram CloneTests.debug.xcconfig */ = {isa = PBXFileReference; includeInIndex = 1; lastKnownFileType = text.xcconfig; name = "Pods-Instagram CloneTests.debug.xcconfig"; path = "Target Support Files/Pods-Instagram CloneTests/Pods-Instagram CloneTests.debug.xcconfig"; sourceTree = "<group>"; };
		E124DAABA48D421A9EB4B4C1 /* Pods_Instagram_CloneTests.framework */ = {isa = PBXFileReference; explicitFileType = wrapper.framework; includeInIndex = 0; path = Pods_Instagram_CloneTests.framework; sourceTree = BUILT_PRODUCTS_DIR; };
		E4FFBA7F5C15201F2797FF33 /* Pods-Instagram Clone.debug.xcconfig */ = {isa = PBXFileReference; includeInIndex = 1; lastKnownFileType = text.xcconfig; name = "Pods-Instagram Clone.debug.xcconfig"; path = "Target Support Files/Pods-Instagram Clone/Pods-Instagram Clone.debug.xcconfig"; sourceTree = "<group>"; };
/* End PBXFileReference section */

/* Begin PBXFrameworksBuildPhase section */
		2C58D61025FAFC15003C4DCB /* Frameworks */ = {
			isa = PBXFrameworksBuildPhase;
			buildActionMask = 2147483647;
			files = (
				7B962ACB6F7E447ADB435100 /* Pods_Instagram_Clone.framework in Frameworks */,
			);
			runOnlyForDeploymentPostprocessing = 0;
		};
		2C58D62625FAFC17003C4DCB /* Frameworks */ = {
			isa = PBXFrameworksBuildPhase;
			buildActionMask = 2147483647;
			files = (
				710E490BF56D1BD790A5AB2C /* Pods_Instagram_CloneTests.framework in Frameworks */,
			);
			runOnlyForDeploymentPostprocessing = 0;
		};
		2C58D63125FAFC17003C4DCB /* Frameworks */ = {
			isa = PBXFrameworksBuildPhase;
			buildActionMask = 2147483647;
			files = (
				3F9381BB0F3DE7433E39F638 /* Pods_Instagram_Clone_Instagram_CloneUITests.framework in Frameworks */,
			);
			runOnlyForDeploymentPostprocessing = 0;
		};
/* End PBXFrameworksBuildPhase section */

/* Begin PBXGroup section */
		2C58D60A25FAFC15003C4DCB = {
			isa = PBXGroup;
			children = (
				2C58D61525FAFC15003C4DCB /* Instagram Clone */,
				2C58D62C25FAFC17003C4DCB /* Instagram CloneTests */,
				2C58D63725FAFC17003C4DCB /* Instagram CloneUITests */,
				2C58D61425FAFC15003C4DCB /* Products */,
				B38DC3F91139BF4D9005C449 /* Pods */,
				7C6DA236E90199BD8572EC06 /* Frameworks */,
			);
			sourceTree = "<group>";
		};
		2C58D61425FAFC15003C4DCB /* Products */ = {
			isa = PBXGroup;
			children = (
				2C58D61325FAFC15003C4DCB /* Instagram Clone.app */,
				2C58D62925FAFC17003C4DCB /* Instagram CloneTests.xctest */,
				2C58D63425FAFC17003C4DCB /* Instagram CloneUITests.xctest */,
			);
			name = Products;
			sourceTree = "<group>";
		};
		2C58D61525FAFC15003C4DCB /* Instagram Clone */ = {
			isa = PBXGroup;
			children = (
				2C58D61625FAFC15003C4DCB /* AppDelegate.swift */,
				2C58D61825FAFC15003C4DCB /* SceneDelegate.swift */,
				2C58D61C25FAFC15003C4DCB /* Main.storyboard */,
				2C58D61F25FAFC17003C4DCB /* Assets.xcassets */,
				2C58D62125FAFC17003C4DCB /* LaunchScreen.storyboard */,
				2C58D62425FAFC17003C4DCB /* Info.plist */,
				2CD35BD125FB0B28001F56CA /* LoginViewController.swift */,
				2CD35BD625FB0B33001F56CA /* FeedViewController.swift */,
				2CD35BDB25FB11D7001F56CA /* CameraViewController.swift */,
				2C53B7ED25FBB4E90035C304 /* PostCell.swift */,
			);
			path = "Instagram Clone";
			sourceTree = "<group>";
		};
		2C58D62C25FAFC17003C4DCB /* Instagram CloneTests */ = {
			isa = PBXGroup;
			children = (
				2C58D62D25FAFC17003C4DCB /* Instagram_CloneTests.swift */,
				2C58D62F25FAFC17003C4DCB /* Info.plist */,
			);
			path = "Instagram CloneTests";
			sourceTree = "<group>";
		};
		2C58D63725FAFC17003C4DCB /* Instagram CloneUITests */ = {
			isa = PBXGroup;
			children = (
				2C58D63825FAFC17003C4DCB /* Instagram_CloneUITests.swift */,
				2C58D63A25FAFC17003C4DCB /* Info.plist */,
			);
			path = "Instagram CloneUITests";
			sourceTree = "<group>";
		};
		7C6DA236E90199BD8572EC06 /* Frameworks */ = {
			isa = PBXGroup;
			children = (
				99777C89E9636F73AE51707C /* Pods_Instagram_Clone.framework */,
				0C4CA3E3DC9CD63F238FBCB6 /* Pods_Instagram_Clone_Instagram_CloneUITests.framework */,
				E124DAABA48D421A9EB4B4C1 /* Pods_Instagram_CloneTests.framework */,
			);
			name = Frameworks;
			sourceTree = "<group>";
		};
		B38DC3F91139BF4D9005C449 /* Pods */ = {
			isa = PBXGroup;
			children = (
				E4FFBA7F5C15201F2797FF33 /* Pods-Instagram Clone.debug.xcconfig */,
				DE058290ABE29A11B80627B9 /* Pods-Instagram Clone.release.xcconfig */,
				1F4AAB4A58CD06272D5A5978 /* Pods-Instagram Clone-Instagram CloneUITests.debug.xcconfig */,
				AF7BCB8DF9DEFDF374F07F79 /* Pods-Instagram Clone-Instagram CloneUITests.release.xcconfig */,
				DF91108B4CBE707960B399E8 /* Pods-Instagram CloneTests.debug.xcconfig */,
				9EBF2039302C24B7AA9B9580 /* Pods-Instagram CloneTests.release.xcconfig */,
			);
			path = Pods;
			sourceTree = "<group>";
		};
/* End PBXGroup section */

/* Begin PBXNativeTarget section */
		2C58D61225FAFC15003C4DCB /* Instagram Clone */ = {
			isa = PBXNativeTarget;
			buildConfigurationList = 2C58D63D25FAFC17003C4DCB /* Build configuration list for PBXNativeTarget "Instagram Clone" */;
			buildPhases = (
				A0E453FC62DAAC5E414777D4 /* [CP] Check Pods Manifest.lock */,
				2C58D60F25FAFC15003C4DCB /* Sources */,
				2C58D61025FAFC15003C4DCB /* Frameworks */,
				2C58D61125FAFC15003C4DCB /* Resources */,
				50A94F2A27E315F30ABAD410 /* [CP] Embed Pods Frameworks */,
			);
			buildRules = (
			);
			dependencies = (
			);
			name = "Instagram Clone";
			productName = "Instagram Clone";
			productReference = 2C58D61325FAFC15003C4DCB /* Instagram Clone.app */;
			productType = "com.apple.product-type.application";
		};
		2C58D62825FAFC17003C4DCB /* Instagram CloneTests */ = {
			isa = PBXNativeTarget;
			buildConfigurationList = 2C58D64025FAFC17003C4DCB /* Build configuration list for PBXNativeTarget "Instagram CloneTests" */;
			buildPhases = (
				4AA3BBBB23A92A4EDAC8FEEB /* [CP] Check Pods Manifest.lock */,
				2C58D62525FAFC17003C4DCB /* Sources */,
				2C58D62625FAFC17003C4DCB /* Frameworks */,
				2C58D62725FAFC17003C4DCB /* Resources */,
			);
			buildRules = (
			);
			dependencies = (
				2C58D62B25FAFC17003C4DCB /* PBXTargetDependency */,
			);
			name = "Instagram CloneTests";
			productName = "Instagram CloneTests";
			productReference = 2C58D62925FAFC17003C4DCB /* Instagram CloneTests.xctest */;
			productType = "com.apple.product-type.bundle.unit-test";
		};
		2C58D63325FAFC17003C4DCB /* Instagram CloneUITests */ = {
			isa = PBXNativeTarget;
			buildConfigurationList = 2C58D64325FAFC17003C4DCB /* Build configuration list for PBXNativeTarget "Instagram CloneUITests" */;
			buildPhases = (
				6C589EBA9EEFBD122302E437 /* [CP] Check Pods Manifest.lock */,
				2C58D63025FAFC17003C4DCB /* Sources */,
				2C58D63125FAFC17003C4DCB /* Frameworks */,
				2C58D63225FAFC17003C4DCB /* Resources */,
				66046910A8CCAEE96D80C281 /* [CP] Embed Pods Frameworks */,
			);
			buildRules = (
			);
			dependencies = (
				2C58D63625FAFC17003C4DCB /* PBXTargetDependency */,
			);
			name = "Instagram CloneUITests";
			productName = "Instagram CloneUITests";
			productReference = 2C58D63425FAFC17003C4DCB /* Instagram CloneUITests.xctest */;
			productType = "com.apple.product-type.bundle.ui-testing";
		};
/* End PBXNativeTarget section */

/* Begin PBXProject section */
		2C58D60B25FAFC15003C4DCB /* Project object */ = {
			isa = PBXProject;
			attributes = {
				LastSwiftUpdateCheck = 1240;
				LastUpgradeCheck = 1240;
				TargetAttributes = {
					2C58D61225FAFC15003C4DCB = {
						CreatedOnToolsVersion = 12.4;
					};
					2C58D62825FAFC17003C4DCB = {
						CreatedOnToolsVersion = 12.4;
						TestTargetID = 2C58D61225FAFC15003C4DCB;
					};
					2C58D63325FAFC17003C4DCB = {
						CreatedOnToolsVersion = 12.4;
						TestTargetID = 2C58D61225FAFC15003C4DCB;
					};
				};
			};
			buildConfigurationList = 2C58D60E25FAFC15003C4DCB /* Build configuration list for PBXProject "Instagram Clone" */;
			compatibilityVersion = "Xcode 9.3";
			developmentRegion = en;
			hasScannedForEncodings = 0;
			knownRegions = (
				en,
				Base,
			);
			mainGroup = 2C58D60A25FAFC15003C4DCB;
			productRefGroup = 2C58D61425FAFC15003C4DCB /* Products */;
			projectDirPath = "";
			projectRoot = "";
			targets = (
				2C58D61225FAFC15003C4DCB /* Instagram Clone */,
				2C58D62825FAFC17003C4DCB /* Instagram CloneTests */,
				2C58D63325FAFC17003C4DCB /* Instagram CloneUITests */,
			);
		};
/* End PBXProject section */

/* Begin PBXResourcesBuildPhase section */
		2C58D61125FAFC15003C4DCB /* Resources */ = {
			isa = PBXResourcesBuildPhase;
			buildActionMask = 2147483647;
			files = (
				2C58D62325FAFC17003C4DCB /* LaunchScreen.storyboard in Resources */,
				2C58D62025FAFC17003C4DCB /* Assets.xcassets in Resources */,
				2C58D61E25FAFC15003C4DCB /* Main.storyboard in Resources */,
			);
			runOnlyForDeploymentPostprocessing = 0;
		};
		2C58D62725FAFC17003C4DCB /* Resources */ = {
			isa = PBXResourcesBuildPhase;
			buildActionMask = 2147483647;
			files = (
			);
			runOnlyForDeploymentPostprocessing = 0;
		};
		2C58D63225FAFC17003C4DCB /* Resources */ = {
			isa = PBXResourcesBuildPhase;
			buildActionMask = 2147483647;
			files = (
			);
			runOnlyForDeploymentPostprocessing = 0;
		};
/* End PBXResourcesBuildPhase section */

/* Begin PBXShellScriptBuildPhase section */
		4AA3BBBB23A92A4EDAC8FEEB /* [CP] Check Pods Manifest.lock */ = {
			isa = PBXShellScriptBuildPhase;
			buildActionMask = 2147483647;
			files = (
			);
			inputFileListPaths = (
			);
			inputPaths = (
				"${PODS_PODFILE_DIR_PATH}/Podfile.lock",
				"${PODS_ROOT}/Manifest.lock",
			);
			name = "[CP] Check Pods Manifest.lock";
			outputFileListPaths = (
			);
			outputPaths = (
				"$(DERIVED_FILE_DIR)/Pods-Instagram CloneTests-checkManifestLockResult.txt",
			);
			runOnlyForDeploymentPostprocessing = 0;
			shellPath = /bin/sh;
			shellScript = "diff \"${PODS_PODFILE_DIR_PATH}/Podfile.lock\" \"${PODS_ROOT}/Manifest.lock\" > /dev/null\nif [ $? != 0 ] ; then\n    # print error to STDERR\n    echo \"error: The sandbox is not in sync with the Podfile.lock. Run 'pod install' or update your CocoaPods installation.\" >&2\n    exit 1\nfi\n# This output is used by Xcode 'outputs' to avoid re-running this script phase.\necho \"SUCCESS\" > \"${SCRIPT_OUTPUT_FILE_0}\"\n";
			showEnvVarsInLog = 0;
		};
		50A94F2A27E315F30ABAD410 /* [CP] Embed Pods Frameworks */ = {
			isa = PBXShellScriptBuildPhase;
			buildActionMask = 2147483647;
			files = (
			);
			inputFileListPaths = (
				"${PODS_ROOT}/Target Support Files/Pods-Instagram Clone/Pods-Instagram Clone-frameworks-${CONFIGURATION}-input-files.xcfilelist",
			);
			name = "[CP] Embed Pods Frameworks";
			outputFileListPaths = (
				"${PODS_ROOT}/Target Support Files/Pods-Instagram Clone/Pods-Instagram Clone-frameworks-${CONFIGURATION}-output-files.xcfilelist",
			);
			runOnlyForDeploymentPostprocessing = 0;
			shellPath = /bin/sh;
			shellScript = "\"${PODS_ROOT}/Target Support Files/Pods-Instagram Clone/Pods-Instagram Clone-frameworks.sh\"\n";
			showEnvVarsInLog = 0;
		};
		66046910A8CCAEE96D80C281 /* [CP] Embed Pods Frameworks */ = {
			isa = PBXShellScriptBuildPhase;
			buildActionMask = 2147483647;
			files = (
			);
			inputFileListPaths = (
				"${PODS_ROOT}/Target Support Files/Pods-Instagram Clone-Instagram CloneUITests/Pods-Instagram Clone-Instagram CloneUITests-frameworks-${CONFIGURATION}-input-files.xcfilelist",
			);
			name = "[CP] Embed Pods Frameworks";
			outputFileListPaths = (
				"${PODS_ROOT}/Target Support Files/Pods-Instagram Clone-Instagram CloneUITests/Pods-Instagram Clone-Instagram CloneUITests-frameworks-${CONFIGURATION}-output-files.xcfilelist",
			);
			runOnlyForDeploymentPostprocessing = 0;
			shellPath = /bin/sh;
			shellScript = "\"${PODS_ROOT}/Target Support Files/Pods-Instagram Clone-Instagram CloneUITests/Pods-Instagram Clone-Instagram CloneUITests-frameworks.sh\"\n";
			showEnvVarsInLog = 0;
		};
		6C589EBA9EEFBD122302E437 /* [CP] Check Pods Manifest.lock */ = {
			isa = PBXShellScriptBuildPhase;
			buildActionMask = 2147483647;
			files = (
			);
			inputFileListPaths = (
			);
			inputPaths = (
				"${PODS_PODFILE_DIR_PATH}/Podfile.lock",
				"${PODS_ROOT}/Manifest.lock",
			);
			name = "[CP] Check Pods Manifest.lock";
			outputFileListPaths = (
			);
			outputPaths = (
				"$(DERIVED_FILE_DIR)/Pods-Instagram Clone-Instagram CloneUITests-checkManifestLockResult.txt",
			);
			runOnlyForDeploymentPostprocessing = 0;
			shellPath = /bin/sh;
			shellScript = "diff \"${PODS_PODFILE_DIR_PATH}/Podfile.lock\" \"${PODS_ROOT}/Manifest.lock\" > /dev/null\nif [ $? != 0 ] ; then\n    # print error to STDERR\n    echo \"error: The sandbox is not in sync with the Podfile.lock. Run 'pod install' or update your CocoaPods installation.\" >&2\n    exit 1\nfi\n# This output is used by Xcode 'outputs' to avoid re-running this script phase.\necho \"SUCCESS\" > \"${SCRIPT_OUTPUT_FILE_0}\"\n";
			showEnvVarsInLog = 0;
		};
		A0E453FC62DAAC5E414777D4 /* [CP] Check Pods Manifest.lock */ = {
			isa = PBXShellScriptBuildPhase;
			buildActionMask = 2147483647;
			files = (
			);
			inputFileListPaths = (
			);
			inputPaths = (
				"${PODS_PODFILE_DIR_PATH}/Podfile.lock",
				"${PODS_ROOT}/Manifest.lock",
			);
			name = "[CP] Check Pods Manifest.lock";
			outputFileListPaths = (
			);
			outputPaths = (
				"$(DERIVED_FILE_DIR)/Pods-Instagram Clone-checkManifestLockResult.txt",
			);
			runOnlyForDeploymentPostprocessing = 0;
			shellPath = /bin/sh;
			shellScript = "diff \"${PODS_PODFILE_DIR_PATH}/Podfile.lock\" \"${PODS_ROOT}/Manifest.lock\" > /dev/null\nif [ $? != 0 ] ; then\n    # print error to STDERR\n    echo \"error: The sandbox is not in sync with the Podfile.lock. Run 'pod install' or update your CocoaPods installation.\" >&2\n    exit 1\nfi\n# This output is used by Xcode 'outputs' to avoid re-running this script phase.\necho \"SUCCESS\" > \"${SCRIPT_OUTPUT_FILE_0}\"\n";
			showEnvVarsInLog = 0;
		};
/* End PBXShellScriptBuildPhase section */

/* Begin PBXSourcesBuildPhase section */
		2C58D60F25FAFC15003C4DCB /* Sources */ = {
			isa = PBXSourcesBuildPhase;
			buildActionMask = 2147483647;
			files = (
				2CD35BD225FB0B28001F56CA /* LoginViewController.swift in Sources */,
				2CD35BDC25FB11D7001F56CA /* CameraViewController.swift in Sources */,
				2C58D61725FAFC15003C4DCB /* AppDelegate.swift in Sources */,
				2CD35BD725FB0B33001F56CA /* FeedViewController.swift in Sources */,
				2C58D61925FAFC15003C4DCB /* SceneDelegate.swift in Sources */,
				2C53B7EE25FBB4E90035C304 /* PostCell.swift in Sources */,
			);
			runOnlyForDeploymentPostprocessing = 0;
		};
		2C58D62525FAFC17003C4DCB /* Sources */ = {
			isa = PBXSourcesBuildPhase;
			buildActionMask = 2147483647;
			files = (
				2C58D62E25FAFC17003C4DCB /* Instagram_CloneTests.swift in Sources */,
			);
			runOnlyForDeploymentPostprocessing = 0;
		};
		2C58D63025FAFC17003C4DCB /* Sources */ = {
			isa = PBXSourcesBuildPhase;
			buildActionMask = 2147483647;
			files = (
				2C58D63925FAFC17003C4DCB /* Instagram_CloneUITests.swift in Sources */,
			);
			runOnlyForDeploymentPostprocessing = 0;
		};
/* End PBXSourcesBuildPhase section */

/* Begin PBXTargetDependency section */
		2C58D62B25FAFC17003C4DCB /* PBXTargetDependency */ = {
			isa = PBXTargetDependency;
			target = 2C58D61225FAFC15003C4DCB /* Instagram Clone */;
			targetProxy = 2C58D62A25FAFC17003C4DCB /* PBXContainerItemProxy */;
		};
		2C58D63625FAFC17003C4DCB /* PBXTargetDependency */ = {
			isa = PBXTargetDependency;
			target = 2C58D61225FAFC15003C4DCB /* Instagram Clone */;
			targetProxy = 2C58D63525FAFC17003C4DCB /* PBXContainerItemProxy */;
		};
/* End PBXTargetDependency section */

/* Begin PBXVariantGroup section */
		2C58D61C25FAFC15003C4DCB /* Main.storyboard */ = {
			isa = PBXVariantGroup;
			children = (
				2C58D61D25FAFC15003C4DCB /* Base */,
			);
			name = Main.storyboard;
			sourceTree = "<group>";
		};
		2C58D62125FAFC17003C4DCB /* LaunchScreen.storyboard */ = {
			isa = PBXVariantGroup;
			children = (
				2C58D62225FAFC17003C4DCB /* Base */,
			);
			name = LaunchScreen.storyboard;
			sourceTree = "<group>";
		};
/* End PBXVariantGroup section */

/* Begin XCBuildConfiguration section */
		2C58D63B25FAFC17003C4DCB /* Debug */ = {
			isa = XCBuildConfiguration;
			buildSettings = {
				ALWAYS_SEARCH_USER_PATHS = NO;
				CLANG_ANALYZER_NONNULL = YES;
				CLANG_ANALYZER_NUMBER_OBJECT_CONVERSION = YES_AGGRESSIVE;
				CLANG_CXX_LANGUAGE_STANDARD = "gnu++14";
				CLANG_CXX_LIBRARY = "libc++";
				CLANG_ENABLE_MODULES = YES;
				CLANG_ENABLE_OBJC_ARC = YES;
				CLANG_ENABLE_OBJC_WEAK = YES;
				CLANG_WARN_BLOCK_CAPTURE_AUTORELEASING = YES;
				CLANG_WARN_BOOL_CONVERSION = YES;
				CLANG_WARN_COMMA = YES;
				CLANG_WARN_CONSTANT_CONVERSION = YES;
				CLANG_WARN_DEPRECATED_OBJC_IMPLEMENTATIONS = YES;
				CLANG_WARN_DIRECT_OBJC_ISA_USAGE = YES_ERROR;
				CLANG_WARN_DOCUMENTATION_COMMENTS = YES;
				CLANG_WARN_EMPTY_BODY = YES;
				CLANG_WARN_ENUM_CONVERSION = YES;
				CLANG_WARN_INFINITE_RECURSION = YES;
				CLANG_WARN_INT_CONVERSION = YES;
				CLANG_WARN_NON_LITERAL_NULL_CONVERSION = YES;
				CLANG_WARN_OBJC_IMPLICIT_RETAIN_SELF = YES;
				CLANG_WARN_OBJC_LITERAL_CONVERSION = YES;
				CLANG_WARN_OBJC_ROOT_CLASS = YES_ERROR;
				CLANG_WARN_QUOTED_INCLUDE_IN_FRAMEWORK_HEADER = YES;
				CLANG_WARN_RANGE_LOOP_ANALYSIS = YES;
				CLANG_WARN_STRICT_PROTOTYPES = YES;
				CLANG_WARN_SUSPICIOUS_MOVE = YES;
				CLANG_WARN_UNGUARDED_AVAILABILITY = YES_AGGRESSIVE;
				CLANG_WARN_UNREACHABLE_CODE = YES;
				CLANG_WARN__DUPLICATE_METHOD_MATCH = YES;
				COPY_PHASE_STRIP = NO;
				DEBUG_INFORMATION_FORMAT = dwarf;
				ENABLE_STRICT_OBJC_MSGSEND = YES;
				ENABLE_TESTABILITY = YES;
				GCC_C_LANGUAGE_STANDARD = gnu11;
				GCC_DYNAMIC_NO_PIC = NO;
				GCC_NO_COMMON_BLOCKS = YES;
				GCC_OPTIMIZATION_LEVEL = 0;
				GCC_PREPROCESSOR_DEFINITIONS = (
					"DEBUG=1",
					"$(inherited)",
				);
				GCC_WARN_64_TO_32_BIT_CONVERSION = YES;
				GCC_WARN_ABOUT_RETURN_TYPE = YES_ERROR;
				GCC_WARN_UNDECLARED_SELECTOR = YES;
				GCC_WARN_UNINITIALIZED_AUTOS = YES_AGGRESSIVE;
				GCC_WARN_UNUSED_FUNCTION = YES;
				GCC_WARN_UNUSED_VARIABLE = YES;
				IPHONEOS_DEPLOYMENT_TARGET = 14.4;
				MTL_ENABLE_DEBUG_INFO = INCLUDE_SOURCE;
				MTL_FAST_MATH = YES;
				ONLY_ACTIVE_ARCH = YES;
				SDKROOT = iphoneos;
				SWIFT_ACTIVE_COMPILATION_CONDITIONS = DEBUG;
				SWIFT_OPTIMIZATION_LEVEL = "-Onone";
			};
			name = Debug;
		};
		2C58D63C25FAFC17003C4DCB /* Release */ = {
			isa = XCBuildConfiguration;
			buildSettings = {
				ALWAYS_SEARCH_USER_PATHS = NO;
				CLANG_ANALYZER_NONNULL = YES;
				CLANG_ANALYZER_NUMBER_OBJECT_CONVERSION = YES_AGGRESSIVE;
				CLANG_CXX_LANGUAGE_STANDARD = "gnu++14";
				CLANG_CXX_LIBRARY = "libc++";
				CLANG_ENABLE_MODULES = YES;
				CLANG_ENABLE_OBJC_ARC = YES;
				CLANG_ENABLE_OBJC_WEAK = YES;
				CLANG_WARN_BLOCK_CAPTURE_AUTORELEASING = YES;
				CLANG_WARN_BOOL_CONVERSION = YES;
				CLANG_WARN_COMMA = YES;
				CLANG_WARN_CONSTANT_CONVERSION = YES;
				CLANG_WARN_DEPRECATED_OBJC_IMPLEMENTATIONS = YES;
				CLANG_WARN_DIRECT_OBJC_ISA_USAGE = YES_ERROR;
				CLANG_WARN_DOCUMENTATION_COMMENTS = YES;
				CLANG_WARN_EMPTY_BODY = YES;
				CLANG_WARN_ENUM_CONVERSION = YES;
				CLANG_WARN_INFINITE_RECURSION = YES;
				CLANG_WARN_INT_CONVERSION = YES;
				CLANG_WARN_NON_LITERAL_NULL_CONVERSION = YES;
				CLANG_WARN_OBJC_IMPLICIT_RETAIN_SELF = YES;
				CLANG_WARN_OBJC_LITERAL_CONVERSION = YES;
				CLANG_WARN_OBJC_ROOT_CLASS = YES_ERROR;
				CLANG_WARN_QUOTED_INCLUDE_IN_FRAMEWORK_HEADER = YES;
				CLANG_WARN_RANGE_LOOP_ANALYSIS = YES;
				CLANG_WARN_STRICT_PROTOTYPES = YES;
				CLANG_WARN_SUSPICIOUS_MOVE = YES;
				CLANG_WARN_UNGUARDED_AVAILABILITY = YES_AGGRESSIVE;
				CLANG_WARN_UNREACHABLE_CODE = YES;
				CLANG_WARN__DUPLICATE_METHOD_MATCH = YES;
				COPY_PHASE_STRIP = NO;
				DEBUG_INFORMATION_FORMAT = "dwarf-with-dsym";
				ENABLE_NS_ASSERTIONS = NO;
				ENABLE_STRICT_OBJC_MSGSEND = YES;
				GCC_C_LANGUAGE_STANDARD = gnu11;
				GCC_NO_COMMON_BLOCKS = YES;
				GCC_WARN_64_TO_32_BIT_CONVERSION = YES;
				GCC_WARN_ABOUT_RETURN_TYPE = YES_ERROR;
				GCC_WARN_UNDECLARED_SELECTOR = YES;
				GCC_WARN_UNINITIALIZED_AUTOS = YES_AGGRESSIVE;
				GCC_WARN_UNUSED_FUNCTION = YES;
				GCC_WARN_UNUSED_VARIABLE = YES;
				IPHONEOS_DEPLOYMENT_TARGET = 14.4;
				MTL_ENABLE_DEBUG_INFO = NO;
				MTL_FAST_MATH = YES;
				SDKROOT = iphoneos;
				SWIFT_COMPILATION_MODE = wholemodule;
				SWIFT_OPTIMIZATION_LEVEL = "-O";
				VALIDATE_PRODUCT = YES;
			};
			name = Release;
		};
		2C58D63E25FAFC17003C4DCB /* Debug */ = {
			isa = XCBuildConfiguration;
			baseConfigurationReference = E4FFBA7F5C15201F2797FF33 /* Pods-Instagram Clone.debug.xcconfig */;
			buildSettings = {
				ASSETCATALOG_COMPILER_APPICON_NAME = AppIcon;
				ASSETCATALOG_COMPILER_GLOBAL_ACCENT_COLOR_NAME = AccentColor;
				CODE_SIGN_STYLE = Automatic;
				INFOPLIST_FILE = "Instagram Clone/Info.plist";
				LD_RUNPATH_SEARCH_PATHS = (
					"$(inherited)",
					"@executable_path/Frameworks",
				);
				PRODUCT_BUNDLE_IDENTIFIER = "memo.com.Instagram-Clone";
				PRODUCT_NAME = "$(TARGET_NAME)";
				SWIFT_VERSION = 5.0;
				TARGETED_DEVICE_FAMILY = "1,2";
			};
			name = Debug;
		};
		2C58D63F25FAFC17003C4DCB /* Release */ = {
			isa = XCBuildConfiguration;
			baseConfigurationReference = DE058290ABE29A11B80627B9 /* Pods-Instagram Clone.release.xcconfig */;
			buildSettings = {
				ASSETCATALOG_COMPILER_APPICON_NAME = AppIcon;
				ASSETCATALOG_COMPILER_GLOBAL_ACCENT_COLOR_NAME = AccentColor;
				CODE_SIGN_STYLE = Automatic;
				INFOPLIST_FILE = "Instagram Clone/Info.plist";
				LD_RUNPATH_SEARCH_PATHS = (
					"$(inherited)",
					"@executable_path/Frameworks",
				);
				PRODUCT_BUNDLE_IDENTIFIER = "memo.com.Instagram-Clone";
				PRODUCT_NAME = "$(TARGET_NAME)";
				SWIFT_VERSION = 5.0;
				TARGETED_DEVICE_FAMILY = "1,2";
			};
			name = Release;
		};
		2C58D64125FAFC17003C4DCB /* Debug */ = {
			isa = XCBuildConfiguration;
			baseConfigurationReference = DF91108B4CBE707960B399E8 /* Pods-Instagram CloneTests.debug.xcconfig */;
			buildSettings = {
				ALWAYS_EMBED_SWIFT_STANDARD_LIBRARIES = YES;
				BUNDLE_LOADER = "$(TEST_HOST)";
				CODE_SIGN_STYLE = Automatic;
				INFOPLIST_FILE = "Instagram CloneTests/Info.plist";
				IPHONEOS_DEPLOYMENT_TARGET = 14.4;
				LD_RUNPATH_SEARCH_PATHS = (
					"$(inherited)",
					"@executable_path/Frameworks",
					"@loader_path/Frameworks",
				);
				PRODUCT_BUNDLE_IDENTIFIER = "memo.com.Instagram-CloneTests";
				PRODUCT_NAME = "$(TARGET_NAME)";
				SWIFT_VERSION = 5.0;
				TARGETED_DEVICE_FAMILY = "1,2";
				TEST_HOST = "$(BUILT_PRODUCTS_DIR)/Instagram Clone.app/Instagram Clone";
			};
			name = Debug;
		};
		2C58D64225FAFC17003C4DCB /* Release */ = {
			isa = XCBuildConfiguration;
			baseConfigurationReference = 9EBF2039302C24B7AA9B9580 /* Pods-Instagram CloneTests.release.xcconfig */;
			buildSettings = {
				ALWAYS_EMBED_SWIFT_STANDARD_LIBRARIES = YES;
				BUNDLE_LOADER = "$(TEST_HOST)";
				CODE_SIGN_STYLE = Automatic;
				INFOPLIST_FILE = "Instagram CloneTests/Info.plist";
				IPHONEOS_DEPLOYMENT_TARGET = 14.4;
				LD_RUNPATH_SEARCH_PATHS = (
					"$(inherited)",
					"@executable_path/Frameworks",
					"@loader_path/Frameworks",
				);
				PRODUCT_BUNDLE_IDENTIFIER = "memo.com.Instagram-CloneTests";
				PRODUCT_NAME = "$(TARGET_NAME)";
				SWIFT_VERSION = 5.0;
				TARGETED_DEVICE_FAMILY = "1,2";
				TEST_HOST = "$(BUILT_PRODUCTS_DIR)/Instagram Clone.app/Instagram Clone";
			};
			name = Release;
		};
		2C58D64425FAFC17003C4DCB /* Debug */ = {
			isa = XCBuildConfiguration;
			baseConfigurationReference = 1F4AAB4A58CD06272D5A5978 /* Pods-Instagram Clone-Instagram CloneUITests.debug.xcconfig */;
			buildSettings = {
				ALWAYS_EMBED_SWIFT_STANDARD_LIBRARIES = YES;
				CODE_SIGN_STYLE = Automatic;
				INFOPLIST_FILE = "Instagram CloneUITests/Info.plist";
				LD_RUNPATH_SEARCH_PATHS = (
					"$(inherited)",
					"@executable_path/Frameworks",
					"@loader_path/Frameworks",
				);
				PRODUCT_BUNDLE_IDENTIFIER = "memo.com.Instagram-CloneUITests";
				PRODUCT_NAME = "$(TARGET_NAME)";
				SWIFT_VERSION = 5.0;
				TARGETED_DEVICE_FAMILY = "1,2";
				TEST_TARGET_NAME = "Instagram Clone";
			};
			name = Debug;
		};
		2C58D64525FAFC17003C4DCB /* Release */ = {
			isa = XCBuildConfiguration;
			baseConfigurationReference = AF7BCB8DF9DEFDF374F07F79 /* Pods-Instagram Clone-Instagram CloneUITests.release.xcconfig */;
			buildSettings = {
				ALWAYS_EMBED_SWIFT_STANDARD_LIBRARIES = YES;
				CODE_SIGN_STYLE = Automatic;
				INFOPLIST_FILE = "Instagram CloneUITests/Info.plist";
				LD_RUNPATH_SEARCH_PATHS = (
					"$(inherited)",
					"@executable_path/Frameworks",
					"@loader_path/Frameworks",
				);
				PRODUCT_BUNDLE_IDENTIFIER = "memo.com.Instagram-CloneUITests";
				PRODUCT_NAME = "$(TARGET_NAME)";
				SWIFT_VERSION = 5.0;
				TARGETED_DEVICE_FAMILY = "1,2";
				TEST_TARGET_NAME = "Instagram Clone";
			};
			name = Release;
		};
/* End XCBuildConfiguration section */

/* Begin XCConfigurationList section */
		2C58D60E25FAFC15003C4DCB /* Build configuration list for PBXProject "Instagram Clone" */ = {
			isa = XCConfigurationList;
			buildConfigurations = (
				2C58D63B25FAFC17003C4DCB /* Debug */,
				2C58D63C25FAFC17003C4DCB /* Release */,
			);
			defaultConfigurationIsVisible = 0;
			defaultConfigurationName = Release;
		};
		2C58D63D25FAFC17003C4DCB /* Build configuration list for PBXNativeTarget "Instagram Clone" */ = {
			isa = XCConfigurationList;
			buildConfigurations = (
				2C58D63E25FAFC17003C4DCB /* Debug */,
				2C58D63F25FAFC17003C4DCB /* Release */,
			);
			defaultConfigurationIsVisible = 0;
			defaultConfigurationName = Release;
		};
		2C58D64025FAFC17003C4DCB /* Build configuration list for PBXNativeTarget "Instagram CloneTests" */ = {
			isa = XCConfigurationList;
			buildConfigurations = (
				2C58D64125FAFC17003C4DCB /* Debug */,
				2C58D64225FAFC17003C4DCB /* Release */,
			);
			defaultConfigurationIsVisible = 0;
			defaultConfigurationName = Release;
		};
		2C58D64325FAFC17003C4DCB /* Build configuration list for PBXNativeTarget "Instagram CloneUITests" */ = {
			isa = XCConfigurationList;
			buildConfigurations = (
				2C58D64425FAFC17003C4DCB /* Debug */,
				2C58D64525FAFC17003C4DCB /* Release */,
			);
			defaultConfigurationIsVisible = 0;
			defaultConfigurationName = Release;
		};
/* End XCConfigurationList section */
	};
	rootObject = 2C58D60B25FAFC15003C4DCB /* Project object */;
}
